// !$*UTF8*$!
{
	archiveVersion = 1;
	classes = {
	};
	objectVersion = 55;
	objects = {

/* Begin PBXBuildFile section */
		6C50E8ED27D6437C00989B92 /* nookapiApp.swift in Sources */ = {isa = PBXBuildFile; fileRef = 6C50E8EC27D6437C00989B92 /* nookapiApp.swift */; };
		6C50E8EF27D6437C00989B92 /* ContentView.swift in Sources */ = {isa = PBXBuildFile; fileRef = 6C50E8EE27D6437C00989B92 /* ContentView.swift */; };
		6C50E8F127D6438100989B92 /* Assets.xcassets in Resources */ = {isa = PBXBuildFile; fileRef = 6C50E8F027D6438100989B92 /* Assets.xcassets */; };
		6C50E8F427D6438100989B92 /* Preview Assets.xcassets in Resources */ = {isa = PBXBuildFile; fileRef = 6C50E8F327D6438100989B92 /* Preview Assets.xcassets */; };
		6C50E8FD27D6472E00989B92 /* ClothesProvider.swift in Sources */ = {isa = PBXBuildFile; fileRef = 6C50E8FC27D6472E00989B92 /* ClothesProvider.swift */; };
		6C50E8FF27D6473900989B92 /* ClothesEnums.swift in Sources */ = {isa = PBXBuildFile; fileRef = 6C50E8FE27D6473900989B92 /* ClothesEnums.swift */; };
		6C50E90227D6495100989B92 /* NookAPIEnums.swift in Sources */ = {isa = PBXBuildFile; fileRef = 6C50E90127D6495100989B92 /* NookAPIEnums.swift */; };
		6C50E90427D66EF900989B92 /* ClothesProviderNetworking.swift in Sources */ = {isa = PBXBuildFile; fileRef = 6C50E90327D66EF900989B92 /* ClothesProviderNetworking.swift */; };
		6C50E90727D7941600989B92 /* NetworkExecutor.swift in Sources */ = {isa = PBXBuildFile; fileRef = 6C50E90627D7941600989B92 /* NetworkExecutor.swift */; };
		6C50E90927D7956800989B92 /* HTTPTasks.swift in Sources */ = {isa = PBXBuildFile; fileRef = 6C50E90827D7956800989B92 /* HTTPTasks.swift */; };
		6C50E90B27D8E4EB00989B92 /* ClothesProtocol.swift in Sources */ = {isa = PBXBuildFile; fileRef = 6C50E90A27D8E4EB00989B92 /* ClothesProtocol.swift */; };
		6C50E90D27D8E9DE00989B92 /* ItemAvailabilityProtocol.swift in Sources */ = {isa = PBXBuildFile; fileRef = 6C50E90C27D8E9DE00989B92 /* ItemAvailabilityProtocol.swift */; };
		6C50E91127D8EE7E00989B92 /* ItemBuyProtocol.swift in Sources */ = {isa = PBXBuildFile; fileRef = 6C50E91027D8EE7E00989B92 /* ItemBuyProtocol.swift */; };
		6C50E91327D91F4000989B92 /* ItemVariationProtocol.swift in Sources */ = {isa = PBXBuildFile; fileRef = 6C50E91227D91F4000989B92 /* ItemVariationProtocol.swift */; };
		6C50E91527DAB4C500989B92 /* ClothesCodable.swift in Sources */ = {isa = PBXBuildFile; fileRef = 6C50E91427DAB4C500989B92 /* ClothesCodable.swift */; };
		6C50E91727DAB51900989B92 /* ItemAvailabilityCodable.swift in Sources */ = {isa = PBXBuildFile; fileRef = 6C50E91627DAB51900989B92 /* ItemAvailabilityCodable.swift */; };
		6C50E91927DAB58B00989B92 /* ItemBuyCodable.swift in Sources */ = {isa = PBXBuildFile; fileRef = 6C50E91827DAB58B00989B92 /* ItemBuyCodable.swift */; };
		6C50E91B27DAB6A200989B92 /* ItemVariationCodable.swift in Sources */ = {isa = PBXBuildFile; fileRef = 6C50E91A27DAB6A200989B92 /* ItemVariationCodable.swift */; };
		6C50E91D27DB88DD00989B92 /* ClothesHTTPTask.swift in Sources */ = {isa = PBXBuildFile; fileRef = 6C50E91C27DB88DD00989B92 /* ClothesHTTPTask.swift */; };
		6C50E91F27DB8BF200989B92 /* NookAPIProtocols.swift in Sources */ = {isa = PBXBuildFile; fileRef = 6C50E91E27DB8BF200989B92 /* NookAPIProtocols.swift */; };
		6C50E92327DD06F200989B92 /* ClothesListView.swift in Sources */ = {isa = PBXBuildFile; fileRef = 6C50E92227DD06F200989B92 /* ClothesListView.swift */; };
		6C50E92727DD22D400989B92 /* ClothesProviderOpenInitializer.swift in Sources */ = {isa = PBXBuildFile; fileRef = 6C50E92627DD22D400989B92 /* ClothesProviderOpenInitializer.swift */; };
		6C50E92B27DD257500989B92 /* ItemAvailabilityOpenInitializer.swift in Sources */ = {isa = PBXBuildFile; fileRef = 6C50E92A27DD257500989B92 /* ItemAvailabilityOpenInitializer.swift */; };
		6C50E92D27DD259F00989B92 /* ItemBuyOpenInitializer.swift in Sources */ = {isa = PBXBuildFile; fileRef = 6C50E92C27DD259F00989B92 /* ItemBuyOpenInitializer.swift */; };
		6C50E92F27DD289B00989B92 /* ItemVariationOpenInitializer.swift in Sources */ = {isa = PBXBuildFile; fileRef = 6C50E92E27DD289B00989B92 /* ItemVariationOpenInitializer.swift */; };
		6C50E93127DD28E000989B92 /* ClothesOpenInitializer.swift in Sources */ = {isa = PBXBuildFile; fileRef = 6C50E93027DD28E000989B92 /* ClothesOpenInitializer.swift */; };
		6C50E93427DD6A6B00989B92 /* My Catalog.json in Resources */ = {isa = PBXBuildFile; fileRef = 6C50E93327DD6A6B00989B92 /* My Catalog.json */; };
		6C50E93627DD6A7D00989B92 /* NintendoCatalogParser.swift in Sources */ = {isa = PBXBuildFile; fileRef = 6C50E93527DD6A7D00989B92 /* NintendoCatalogParser.swift */; };
		6C50E93827DD92A700989B92 /* Clothes.json in Resources */ = {isa = PBXBuildFile; fileRef = 6C50E93727DD92A700989B92 /* Clothes.json */; };
		6C50E93A27DD93D000989B92 /* Furniture.json in Resources */ = {isa = PBXBuildFile; fileRef = 6C50E93927DD93D000989B92 /* Furniture.json */; };
		6C50E93C27DD94C100989B92 /* Interior.json in Resources */ = {isa = PBXBuildFile; fileRef = 6C50E93B27DD94C100989B92 /* Interior.json */; };
		6C50E93E27DD951D00989B92 /* PhotosPosters.json in Resources */ = {isa = PBXBuildFile; fileRef = 6C50E93D27DD951D00989B92 /* PhotosPosters.json */; };
		6C50E94027DD957A00989B92 /* MiscItems.json in Resources */ = {isa = PBXBuildFile; fileRef = 6C50E93F27DD957A00989B92 /* MiscItems.json */; };
		6C50E94227DD95F200989B92 /* Recipes.json in Resources */ = {isa = PBXBuildFile; fileRef = 6C50E94127DD95F200989B92 /* Recipes.json */; };
		6C50E94427DD96F800989B92 /* FossilGroupsIndividualFossils.json in Resources */ = {isa = PBXBuildFile; fileRef = 6C50E94327DD96F800989B92 /* FossilGroupsIndividualFossils.json */; };
		6C50E94627DD97B500989B92 /* Tools.json in Resources */ = {isa = PBXBuildFile; fileRef = 6C50E94527DD97B500989B92 /* Tools.json */; };
		6C50E94827DD980C00989B92 /* Art.json in Resources */ = {isa = PBXBuildFile; fileRef = 6C50E94727DD980C00989B92 /* Art.json */; };
		6C50E94A27DD987100989B92 /* Events.json in Resources */ = {isa = PBXBuildFile; fileRef = 6C50E94927DD987100989B92 /* Events.json */; };
		6C50E94C27DD996600989B92 /* SeaCreatures.json in Resources */ = {isa = PBXBuildFile; fileRef = 6C50E94B27DD996600989B92 /* SeaCreatures.json */; };
		6C50E94E27DD99A300989B92 /* Bugs.json in Resources */ = {isa = PBXBuildFile; fileRef = 6C50E94D27DD99A300989B92 /* Bugs.json */; };
		6C50E95027DD9A1D00989B92 /* Fish.json in Resources */ = {isa = PBXBuildFile; fileRef = 6C50E94F27DD9A1D00989B92 /* Fish.json */; };
		6C50E95327DD9F0300989B92 /* ClothesProviderFile.swift in Sources */ = {isa = PBXBuildFile; fileRef = 6C50E95227DD9F0300989B92 /* ClothesProviderFile.swift */; };
		6C50E95627DE448A00989B92 /* FurnitureProtocol.swift in Sources */ = {isa = PBXBuildFile; fileRef = 6C50E95527DE448A00989B92 /* FurnitureProtocol.swift */; };
		6C50E95827DE473400989B92 /* FurnitureEnums.swift in Sources */ = {isa = PBXBuildFile; fileRef = 6C50E95727DE473400989B92 /* FurnitureEnums.swift */; };
		6C50E95A27DE475600989B92 /* FurnitureProvider.swift in Sources */ = {isa = PBXBuildFile; fileRef = 6C50E95927DE475600989B92 /* FurnitureProvider.swift */; };
		6C50E95E27DE47BB00989B92 /* FurnitureHTTPTask.swift in Sources */ = {isa = PBXBuildFile; fileRef = 6C50E95D27DE47BB00989B92 /* FurnitureHTTPTask.swift */; };
		6C50E96127DE481200989B92 /* FurnitureProviderFile.swift in Sources */ = {isa = PBXBuildFile; fileRef = 6C50E96027DE481200989B92 /* FurnitureProviderFile.swift */; };
		6C50E96327DE484400989B92 /* FurnitureCodable.swift in Sources */ = {isa = PBXBuildFile; fileRef = 6C50E96227DE484400989B92 /* FurnitureCodable.swift */; };
		6C50E96627DE542000989B92 /* InteriorProtocol.swift in Sources */ = {isa = PBXBuildFile; fileRef = 6C50E96527DE542000989B92 /* InteriorProtocol.swift */; };
		6C50E96827DE547100989B92 /* InteriorProvider.swift in Sources */ = {isa = PBXBuildFile; fileRef = 6C50E96727DE547100989B92 /* InteriorProvider.swift */; };
		6C50E96C27DE54AE00989B92 /* InteriorProviderFile.swift in Sources */ = {isa = PBXBuildFile; fileRef = 6C50E96B27DE54AE00989B92 /* InteriorProviderFile.swift */; };
		6C50E96E27DE55BC00989B92 /* InteriorCodable.swift in Sources */ = {isa = PBXBuildFile; fileRef = 6C50E96D27DE55BC00989B92 /* InteriorCodable.swift */; };
		6C50E97127DE571C00989B92 /* InteriorsHTTPDataTask.swift in Sources */ = {isa = PBXBuildFile; fileRef = 6C50E97027DE571C00989B92 /* InteriorsHTTPDataTask.swift */; };
		6C50E97327DE5BEA00989B92 /* InteriorEnums.swift in Sources */ = {isa = PBXBuildFile; fileRef = 6C50E97227DE5BEA00989B92 /* InteriorEnums.swift */; };
		6C50E97827DE67C600989B92 /* PhotoPosterProtocol.swift in Sources */ = {isa = PBXBuildFile; fileRef = 6C50E97727DE67C600989B92 /* PhotoPosterProtocol.swift */; };
		6C50E97A27DE67D700989B92 /* PhotoPosterProvider.swift in Sources */ = {isa = PBXBuildFile; fileRef = 6C50E97927DE67D700989B92 /* PhotoPosterProvider.swift */; };
		6C50E97C27DE67F200989B92 /* PhotoPosterCodable.swift in Sources */ = {isa = PBXBuildFile; fileRef = 6C50E97B27DE67F200989B92 /* PhotoPosterCodable.swift */; };
		6C50E98027DE682B00989B92 /* PhotoPosterProviderFile.swift in Sources */ = {isa = PBXBuildFile; fileRef = 6C50E97F27DE682B00989B92 /* PhotoPosterProviderFile.swift */; };
		6C50E98227DE689D00989B92 /* PhotosPostersHTTPDataTask.swift in Sources */ = {isa = PBXBuildFile; fileRef = 6C50E98127DE689D00989B92 /* PhotosPostersHTTPDataTask.swift */; };
		6C50E98427DE6ECE00989B92 /* PhotoPosterEnums.swift in Sources */ = {isa = PBXBuildFile; fileRef = 6C50E98327DE6ECE00989B92 /* PhotoPosterEnums.swift */; };
/* End PBXBuildFile section */

/* Begin PBXFileReference section */
		6C50E8E927D6437C00989B92 /* nookapi.app */ = {isa = PBXFileReference; explicitFileType = wrapper.application; includeInIndex = 0; path = nookapi.app; sourceTree = BUILT_PRODUCTS_DIR; };
		6C50E8EC27D6437C00989B92 /* nookapiApp.swift */ = {isa = PBXFileReference; lastKnownFileType = sourcecode.swift; path = nookapiApp.swift; sourceTree = "<group>"; };
		6C50E8EE27D6437C00989B92 /* ContentView.swift */ = {isa = PBXFileReference; lastKnownFileType = sourcecode.swift; path = ContentView.swift; sourceTree = "<group>"; };
		6C50E8F027D6438100989B92 /* Assets.xcassets */ = {isa = PBXFileReference; lastKnownFileType = folder.assetcatalog; path = Assets.xcassets; sourceTree = "<group>"; };
		6C50E8F327D6438100989B92 /* Preview Assets.xcassets */ = {isa = PBXFileReference; lastKnownFileType = folder.assetcatalog; path = "Preview Assets.xcassets"; sourceTree = "<group>"; };
		6C50E8FC27D6472E00989B92 /* ClothesProvider.swift */ = {isa = PBXFileReference; lastKnownFileType = sourcecode.swift; path = ClothesProvider.swift; sourceTree = "<group>"; };
		6C50E8FE27D6473900989B92 /* ClothesEnums.swift */ = {isa = PBXFileReference; lastKnownFileType = sourcecode.swift; path = ClothesEnums.swift; sourceTree = "<group>"; };
		6C50E90127D6495100989B92 /* NookAPIEnums.swift */ = {isa = PBXFileReference; lastKnownFileType = sourcecode.swift; path = NookAPIEnums.swift; sourceTree = "<group>"; };
		6C50E90327D66EF900989B92 /* ClothesProviderNetworking.swift */ = {isa = PBXFileReference; lastKnownFileType = sourcecode.swift; path = ClothesProviderNetworking.swift; sourceTree = "<group>"; };
		6C50E90627D7941600989B92 /* NetworkExecutor.swift */ = {isa = PBXFileReference; lastKnownFileType = sourcecode.swift; path = NetworkExecutor.swift; sourceTree = "<group>"; };
		6C50E90827D7956800989B92 /* HTTPTasks.swift */ = {isa = PBXFileReference; lastKnownFileType = sourcecode.swift; path = HTTPTasks.swift; sourceTree = "<group>"; };
		6C50E90A27D8E4EB00989B92 /* ClothesProtocol.swift */ = {isa = PBXFileReference; lastKnownFileType = sourcecode.swift; path = ClothesProtocol.swift; sourceTree = "<group>"; };
		6C50E90C27D8E9DE00989B92 /* ItemAvailabilityProtocol.swift */ = {isa = PBXFileReference; lastKnownFileType = sourcecode.swift; path = ItemAvailabilityProtocol.swift; sourceTree = "<group>"; };
		6C50E91027D8EE7E00989B92 /* ItemBuyProtocol.swift */ = {isa = PBXFileReference; lastKnownFileType = sourcecode.swift; path = ItemBuyProtocol.swift; sourceTree = "<group>"; };
		6C50E91227D91F4000989B92 /* ItemVariationProtocol.swift */ = {isa = PBXFileReference; lastKnownFileType = sourcecode.swift; path = ItemVariationProtocol.swift; sourceTree = "<group>"; };
		6C50E91427DAB4C500989B92 /* ClothesCodable.swift */ = {isa = PBXFileReference; lastKnownFileType = sourcecode.swift; path = ClothesCodable.swift; sourceTree = "<group>"; };
		6C50E91627DAB51900989B92 /* ItemAvailabilityCodable.swift */ = {isa = PBXFileReference; lastKnownFileType = sourcecode.swift; path = ItemAvailabilityCodable.swift; sourceTree = "<group>"; };
		6C50E91827DAB58B00989B92 /* ItemBuyCodable.swift */ = {isa = PBXFileReference; lastKnownFileType = sourcecode.swift; path = ItemBuyCodable.swift; sourceTree = "<group>"; };
		6C50E91A27DAB6A200989B92 /* ItemVariationCodable.swift */ = {isa = PBXFileReference; lastKnownFileType = sourcecode.swift; path = ItemVariationCodable.swift; sourceTree = "<group>"; };
		6C50E91C27DB88DD00989B92 /* ClothesHTTPTask.swift */ = {isa = PBXFileReference; lastKnownFileType = sourcecode.swift; path = ClothesHTTPTask.swift; sourceTree = "<group>"; };
		6C50E91E27DB8BF200989B92 /* NookAPIProtocols.swift */ = {isa = PBXFileReference; lastKnownFileType = sourcecode.swift; path = NookAPIProtocols.swift; sourceTree = "<group>"; };
		6C50E92227DD06F200989B92 /* ClothesListView.swift */ = {isa = PBXFileReference; lastKnownFileType = sourcecode.swift; path = ClothesListView.swift; sourceTree = "<group>"; };
		6C50E92627DD22D400989B92 /* ClothesProviderOpenInitializer.swift */ = {isa = PBXFileReference; lastKnownFileType = sourcecode.swift; path = ClothesProviderOpenInitializer.swift; sourceTree = "<group>"; };
		6C50E92A27DD257500989B92 /* ItemAvailabilityOpenInitializer.swift */ = {isa = PBXFileReference; lastKnownFileType = sourcecode.swift; path = ItemAvailabilityOpenInitializer.swift; sourceTree = "<group>"; };
		6C50E92C27DD259F00989B92 /* ItemBuyOpenInitializer.swift */ = {isa = PBXFileReference; lastKnownFileType = sourcecode.swift; path = ItemBuyOpenInitializer.swift; sourceTree = "<group>"; };
		6C50E92E27DD289B00989B92 /* ItemVariationOpenInitializer.swift */ = {isa = PBXFileReference; lastKnownFileType = sourcecode.swift; path = ItemVariationOpenInitializer.swift; sourceTree = "<group>"; };
		6C50E93027DD28E000989B92 /* ClothesOpenInitializer.swift */ = {isa = PBXFileReference; lastKnownFileType = sourcecode.swift; path = ClothesOpenInitializer.swift; sourceTree = "<group>"; };
		6C50E93327DD6A6B00989B92 /* My Catalog.json */ = {isa = PBXFileReference; fileEncoding = 4; lastKnownFileType = text.json; path = "My Catalog.json"; sourceTree = "<group>"; };
		6C50E93527DD6A7D00989B92 /* NintendoCatalogParser.swift */ = {isa = PBXFileReference; lastKnownFileType = sourcecode.swift; path = NintendoCatalogParser.swift; sourceTree = "<group>"; };
		6C50E93727DD92A700989B92 /* Clothes.json */ = {isa = PBXFileReference; lastKnownFileType = text.json; path = Clothes.json; sourceTree = "<group>"; };
		6C50E93927DD93D000989B92 /* Furniture.json */ = {isa = PBXFileReference; lastKnownFileType = text.json; path = Furniture.json; sourceTree = "<group>"; };
		6C50E93B27DD94C100989B92 /* Interior.json */ = {isa = PBXFileReference; lastKnownFileType = text.json; path = Interior.json; sourceTree = "<group>"; };
		6C50E93D27DD951D00989B92 /* PhotosPosters.json */ = {isa = PBXFileReference; lastKnownFileType = text.json; path = PhotosPosters.json; sourceTree = "<group>"; };
		6C50E93F27DD957A00989B92 /* MiscItems.json */ = {isa = PBXFileReference; lastKnownFileType = text.json; path = MiscItems.json; sourceTree = "<group>"; };
		6C50E94127DD95F200989B92 /* Recipes.json */ = {isa = PBXFileReference; lastKnownFileType = text.json; path = Recipes.json; sourceTree = "<group>"; };
		6C50E94327DD96F800989B92 /* FossilGroupsIndividualFossils.json */ = {isa = PBXFileReference; lastKnownFileType = text.json; path = FossilGroupsIndividualFossils.json; sourceTree = "<group>"; };
		6C50E94527DD97B500989B92 /* Tools.json */ = {isa = PBXFileReference; lastKnownFileType = text.json; path = Tools.json; sourceTree = "<group>"; };
		6C50E94727DD980C00989B92 /* Art.json */ = {isa = PBXFileReference; lastKnownFileType = text.json; path = Art.json; sourceTree = "<group>"; };
		6C50E94927DD987100989B92 /* Events.json */ = {isa = PBXFileReference; lastKnownFileType = text.json; path = Events.json; sourceTree = "<group>"; };
		6C50E94B27DD996600989B92 /* SeaCreatures.json */ = {isa = PBXFileReference; lastKnownFileType = text.json; path = SeaCreatures.json; sourceTree = "<group>"; };
		6C50E94D27DD99A300989B92 /* Bugs.json */ = {isa = PBXFileReference; lastKnownFileType = text.json; path = Bugs.json; sourceTree = "<group>"; };
		6C50E94F27DD9A1D00989B92 /* Fish.json */ = {isa = PBXFileReference; lastKnownFileType = text.json; path = Fish.json; sourceTree = "<group>"; };
		6C50E95227DD9F0300989B92 /* ClothesProviderFile.swift */ = {isa = PBXFileReference; lastKnownFileType = sourcecode.swift; path = ClothesProviderFile.swift; sourceTree = "<group>"; };
		6C50E95527DE448A00989B92 /* FurnitureProtocol.swift */ = {isa = PBXFileReference; lastKnownFileType = sourcecode.swift; path = FurnitureProtocol.swift; sourceTree = "<group>"; };
		6C50E95727DE473400989B92 /* FurnitureEnums.swift */ = {isa = PBXFileReference; lastKnownFileType = sourcecode.swift; path = FurnitureEnums.swift; sourceTree = "<group>"; };
		6C50E95927DE475600989B92 /* FurnitureProvider.swift */ = {isa = PBXFileReference; lastKnownFileType = sourcecode.swift; path = FurnitureProvider.swift; sourceTree = "<group>"; };
		6C50E95D27DE47BB00989B92 /* FurnitureHTTPTask.swift */ = {isa = PBXFileReference; lastKnownFileType = sourcecode.swift; path = FurnitureHTTPTask.swift; sourceTree = "<group>"; };
		6C50E96027DE481200989B92 /* FurnitureProviderFile.swift */ = {isa = PBXFileReference; lastKnownFileType = sourcecode.swift; path = FurnitureProviderFile.swift; sourceTree = "<group>"; };
		6C50E96227DE484400989B92 /* FurnitureCodable.swift */ = {isa = PBXFileReference; lastKnownFileType = sourcecode.swift; path = FurnitureCodable.swift; sourceTree = "<group>"; };
		6C50E96527DE542000989B92 /* InteriorProtocol.swift */ = {isa = PBXFileReference; lastKnownFileType = sourcecode.swift; path = InteriorProtocol.swift; sourceTree = "<group>"; };
		6C50E96727DE547100989B92 /* InteriorProvider.swift */ = {isa = PBXFileReference; lastKnownFileType = sourcecode.swift; path = InteriorProvider.swift; sourceTree = "<group>"; };
		6C50E96B27DE54AE00989B92 /* InteriorProviderFile.swift */ = {isa = PBXFileReference; lastKnownFileType = sourcecode.swift; path = InteriorProviderFile.swift; sourceTree = "<group>"; };
		6C50E96D27DE55BC00989B92 /* InteriorCodable.swift */ = {isa = PBXFileReference; lastKnownFileType = sourcecode.swift; path = InteriorCodable.swift; sourceTree = "<group>"; };
		6C50E97027DE571C00989B92 /* InteriorsHTTPDataTask.swift */ = {isa = PBXFileReference; lastKnownFileType = sourcecode.swift; path = InteriorsHTTPDataTask.swift; sourceTree = "<group>"; };
		6C50E97227DE5BEA00989B92 /* InteriorEnums.swift */ = {isa = PBXFileReference; lastKnownFileType = sourcecode.swift; path = InteriorEnums.swift; sourceTree = "<group>"; };
		6C50E97727DE67C600989B92 /* PhotoPosterProtocol.swift */ = {isa = PBXFileReference; lastKnownFileType = sourcecode.swift; path = PhotoPosterProtocol.swift; sourceTree = "<group>"; };
		6C50E97927DE67D700989B92 /* PhotoPosterProvider.swift */ = {isa = PBXFileReference; lastKnownFileType = sourcecode.swift; path = PhotoPosterProvider.swift; sourceTree = "<group>"; };
		6C50E97B27DE67F200989B92 /* PhotoPosterCodable.swift */ = {isa = PBXFileReference; lastKnownFileType = sourcecode.swift; path = PhotoPosterCodable.swift; sourceTree = "<group>"; };
		6C50E97F27DE682B00989B92 /* PhotoPosterProviderFile.swift */ = {isa = PBXFileReference; lastKnownFileType = sourcecode.swift; path = PhotoPosterProviderFile.swift; sourceTree = "<group>"; };
		6C50E98127DE689D00989B92 /* PhotosPostersHTTPDataTask.swift */ = {isa = PBXFileReference; lastKnownFileType = sourcecode.swift; path = PhotosPostersHTTPDataTask.swift; sourceTree = "<group>"; };
		6C50E98327DE6ECE00989B92 /* PhotoPosterEnums.swift */ = {isa = PBXFileReference; lastKnownFileType = sourcecode.swift; path = PhotoPosterEnums.swift; sourceTree = "<group>"; };
/* End PBXFileReference section */

/* Begin PBXFrameworksBuildPhase section */
		6C50E8E627D6437C00989B92 /* Frameworks */ = {
			isa = PBXFrameworksBuildPhase;
			buildActionMask = 2147483647;
			files = (
			);
			runOnlyForDeploymentPostprocessing = 0;
		};
/* End PBXFrameworksBuildPhase section */

/* Begin PBXGroup section */
		6C50E8E027D6437C00989B92 = {
			isa = PBXGroup;
			children = (
				6C50E8EB27D6437C00989B92 /* nookapi */,
				6C50E8EA27D6437C00989B92 /* Products */,
			);
			sourceTree = "<group>";
		};
		6C50E8EA27D6437C00989B92 /* Products */ = {
			isa = PBXGroup;
			children = (
				6C50E8E927D6437C00989B92 /* nookapi.app */,
			);
			name = Products;
			sourceTree = "<group>";
		};
		6C50E8EB27D6437C00989B92 /* nookapi */ = {
			isa = PBXGroup;
			children = (
				6C50E93227DD6A5900989B92 /* Extra */,
				6C50E92027DD067F00989B92 /* Views */,
				6C50E8FA27D6466500989B92 /* ACAPI */,
				6C50E8EC27D6437C00989B92 /* nookapiApp.swift */,
				6C50E8EE27D6437C00989B92 /* ContentView.swift */,
				6C50E8F027D6438100989B92 /* Assets.xcassets */,
				6C50E8F227D6438100989B92 /* Preview Content */,
			);
			path = nookapi;
			sourceTree = "<group>";
		};
		6C50E8F227D6438100989B92 /* Preview Content */ = {
			isa = PBXGroup;
			children = (
				6C50E8F327D6438100989B92 /* Preview Assets.xcassets */,
			);
			path = "Preview Content";
			sourceTree = "<group>";
		};
		6C50E8FA27D6466500989B92 /* ACAPI */ = {
			isa = PBXGroup;
			children = (
				6C50E97427DE676E00989B92 /* PhotosPosters */,
				6C50E96427DE540C00989B92 /* Interior */,
				6C50E90E27D8EAE300989B92 /* Protocols */,
				6C50E95427DE445500989B92 /* Furniture */,
				6C50E8FB27D646FC00989B92 /* Clothes */,
				6C50E90127D6495100989B92 /* NookAPIEnums.swift */,
				6C50E90627D7941600989B92 /* NetworkExecutor.swift */,
				6C50E90827D7956800989B92 /* HTTPTasks.swift */,
				6C50E91E27DB8BF200989B92 /* NookAPIProtocols.swift */,
			);
			path = ACAPI;
			sourceTree = "<group>";
		};
		6C50E8FB27D646FC00989B92 /* Clothes */ = {
			isa = PBXGroup;
			children = (
				6C50E90527D793FA00989B92 /* Implementations */,
				6C50E8FC27D6472E00989B92 /* ClothesProvider.swift */,
				6C50E8FE27D6473900989B92 /* ClothesEnums.swift */,
				6C50E90A27D8E4EB00989B92 /* ClothesProtocol.swift */,
			);
			path = Clothes;
			sourceTree = "<group>";
		};
		6C50E90527D793FA00989B92 /* Implementations */ = {
			isa = PBXGroup;
			children = (
				6C50E95127DD9EEF00989B92 /* File */,
				6C50E92527DD22C400989B92 /* Stub */,
				6C50E92427DD228C00989B92 /* Networking */,
			);
			path = Implementations;
			sourceTree = "<group>";
		};
		6C50E90E27D8EAE300989B92 /* Protocols */ = {
			isa = PBXGroup;
			children = (
				6C50E90F27D8ECC200989B92 /* Implementations */,
				6C50E90C27D8E9DE00989B92 /* ItemAvailabilityProtocol.swift */,
				6C50E91027D8EE7E00989B92 /* ItemBuyProtocol.swift */,
				6C50E91227D91F4000989B92 /* ItemVariationProtocol.swift */,
			);
			path = Protocols;
			sourceTree = "<group>";
		};
		6C50E90F27D8ECC200989B92 /* Implementations */ = {
			isa = PBXGroup;
			children = (
				6C50E92927DD255E00989B92 /* OpenInitializer */,
				6C50E92827DD22E100989B92 /* Codable */,
			);
			path = Implementations;
			sourceTree = "<group>";
		};
		6C50E92027DD067F00989B92 /* Views */ = {
			isa = PBXGroup;
			children = (
				6C50E92127DD068500989B92 /* Clothes */,
			);
			path = Views;
			sourceTree = "<group>";
		};
		6C50E92127DD068500989B92 /* Clothes */ = {
			isa = PBXGroup;
			children = (
				6C50E92227DD06F200989B92 /* ClothesListView.swift */,
			);
			path = Clothes;
			sourceTree = "<group>";
		};
		6C50E92427DD228C00989B92 /* Networking */ = {
			isa = PBXGroup;
			children = (
				6C50E90327D66EF900989B92 /* ClothesProviderNetworking.swift */,
				6C50E91427DAB4C500989B92 /* ClothesCodable.swift */,
				6C50E91C27DB88DD00989B92 /* ClothesHTTPTask.swift */,
			);
			path = Networking;
			sourceTree = "<group>";
		};
		6C50E92527DD22C400989B92 /* Stub */ = {
			isa = PBXGroup;
			children = (
				6C50E92627DD22D400989B92 /* ClothesProviderOpenInitializer.swift */,
				6C50E93027DD28E000989B92 /* ClothesOpenInitializer.swift */,
			);
			path = Stub;
			sourceTree = "<group>";
		};
		6C50E92827DD22E100989B92 /* Codable */ = {
			isa = PBXGroup;
			children = (
				6C50E91627DAB51900989B92 /* ItemAvailabilityCodable.swift */,
				6C50E91827DAB58B00989B92 /* ItemBuyCodable.swift */,
				6C50E91A27DAB6A200989B92 /* ItemVariationCodable.swift */,
			);
			path = Codable;
			sourceTree = "<group>";
		};
		6C50E92927DD255E00989B92 /* OpenInitializer */ = {
			isa = PBXGroup;
			children = (
				6C50E92A27DD257500989B92 /* ItemAvailabilityOpenInitializer.swift */,
				6C50E92C27DD259F00989B92 /* ItemBuyOpenInitializer.swift */,
				6C50E92E27DD289B00989B92 /* ItemVariationOpenInitializer.swift */,
			);
			path = OpenInitializer;
			sourceTree = "<group>";
		};
		6C50E93227DD6A5900989B92 /* Extra */ = {
			isa = PBXGroup;
			children = (
				6C50E93327DD6A6B00989B92 /* My Catalog.json */,
				6C50E93527DD6A7D00989B92 /* NintendoCatalogParser.swift */,
				6C50E93727DD92A700989B92 /* Clothes.json */,
				6C50E93927DD93D000989B92 /* Furniture.json */,
				6C50E93B27DD94C100989B92 /* Interior.json */,
				6C50E93D27DD951D00989B92 /* PhotosPosters.json */,
				6C50E93F27DD957A00989B92 /* MiscItems.json */,
				6C50E94127DD95F200989B92 /* Recipes.json */,
				6C50E94327DD96F800989B92 /* FossilGroupsIndividualFossils.json */,
				6C50E94527DD97B500989B92 /* Tools.json */,
				6C50E94727DD980C00989B92 /* Art.json */,
				6C50E94927DD987100989B92 /* Events.json */,
				6C50E94B27DD996600989B92 /* SeaCreatures.json */,
				6C50E94D27DD99A300989B92 /* Bugs.json */,
				6C50E94F27DD9A1D00989B92 /* Fish.json */,
			);
			path = Extra;
			sourceTree = "<group>";
		};
		6C50E95127DD9EEF00989B92 /* File */ = {
			isa = PBXGroup;
			children = (
				6C50E95227DD9F0300989B92 /* ClothesProviderFile.swift */,
			);
			path = File;
			sourceTree = "<group>";
		};
		6C50E95427DE445500989B92 /* Furniture */ = {
			isa = PBXGroup;
			children = (
				6C50E95B27DE478200989B92 /* Implementations */,
				6C50E95527DE448A00989B92 /* FurnitureProtocol.swift */,
				6C50E95727DE473400989B92 /* FurnitureEnums.swift */,
				6C50E95927DE475600989B92 /* FurnitureProvider.swift */,
			);
			path = Furniture;
			sourceTree = "<group>";
		};
		6C50E95B27DE478200989B92 /* Implementations */ = {
			isa = PBXGroup;
			children = (
				6C50E95F27DE47F900989B92 /* File */,
				6C50E95C27DE479200989B92 /* Networking */,
			);
			path = Implementations;
			sourceTree = "<group>";
		};
		6C50E95C27DE479200989B92 /* Networking */ = {
			isa = PBXGroup;
			children = (
				6C50E95D27DE47BB00989B92 /* FurnitureHTTPTask.swift */,
				6C50E96227DE484400989B92 /* FurnitureCodable.swift */,
			);
			path = Networking;
			sourceTree = "<group>";
		};
		6C50E95F27DE47F900989B92 /* File */ = {
			isa = PBXGroup;
			children = (
				6C50E96027DE481200989B92 /* FurnitureProviderFile.swift */,
			);
			path = File;
			sourceTree = "<group>";
		};
		6C50E96427DE540C00989B92 /* Interior */ = {
			isa = PBXGroup;
			children = (
				6C50E96927DE548300989B92 /* Implementations */,
				6C50E96527DE542000989B92 /* InteriorProtocol.swift */,
				6C50E96727DE547100989B92 /* InteriorProvider.swift */,
				6C50E97227DE5BEA00989B92 /* InteriorEnums.swift */,
			);
			path = Interior;
			sourceTree = "<group>";
		};
		6C50E96927DE548300989B92 /* Implementations */ = {
			isa = PBXGroup;
			children = (
				6C50E96F27DE56F400989B92 /* Networking */,
				6C50E96A27DE548900989B92 /* File */,
			);
			path = Implementations;
			sourceTree = "<group>";
		};
		6C50E96A27DE548900989B92 /* File */ = {
			isa = PBXGroup;
			children = (
				6C50E96B27DE54AE00989B92 /* InteriorProviderFile.swift */,
				6C50E96D27DE55BC00989B92 /* InteriorCodable.swift */,
			);
			path = File;
			sourceTree = "<group>";
		};
		6C50E96F27DE56F400989B92 /* Networking */ = {
			isa = PBXGroup;
			children = (
				6C50E97027DE571C00989B92 /* InteriorsHTTPDataTask.swift */,
			);
			path = Networking;
			sourceTree = "<group>";
		};
		6C50E97427DE676E00989B92 /* PhotosPosters */ = {
			isa = PBXGroup;
			children = (
				6C50E97527DE677C00989B92 /* Implementations */,
				6C50E97727DE67C600989B92 /* PhotoPosterProtocol.swift */,
				6C50E97927DE67D700989B92 /* PhotoPosterProvider.swift */,
				6C50E98327DE6ECE00989B92 /* PhotoPosterEnums.swift */,
			);
			path = PhotosPosters;
			sourceTree = "<group>";
		};
		6C50E97527DE677C00989B92 /* Implementations */ = {
			isa = PBXGroup;
			children = (
				6C50E97E27DE681B00989B92 /* File */,
				6C50E97D27DE67F600989B92 /* Networking */,
			);
			path = Implementations;
			sourceTree = "<group>";
		};
		6C50E97D27DE67F600989B92 /* Networking */ = {
			isa = PBXGroup;
			children = (
				6C50E97B27DE67F200989B92 /* PhotoPosterCodable.swift */,
				6C50E98127DE689D00989B92 /* PhotosPostersHTTPDataTask.swift */,
			);
			path = Networking;
			sourceTree = "<group>";
		};
		6C50E97E27DE681B00989B92 /* File */ = {
			isa = PBXGroup;
			children = (
				6C50E97F27DE682B00989B92 /* PhotoPosterProviderFile.swift */,
			);
			path = File;
			sourceTree = "<group>";
		};
/* End PBXGroup section */

/* Begin PBXNativeTarget section */
		6C50E8E827D6437C00989B92 /* nookapi */ = {
			isa = PBXNativeTarget;
			buildConfigurationList = 6C50E8F727D6438100989B92 /* Build configuration list for PBXNativeTarget "nookapi" */;
			buildPhases = (
				6C50E8E527D6437C00989B92 /* Sources */,
				6C50E8E627D6437C00989B92 /* Frameworks */,
				6C50E8E727D6437C00989B92 /* Resources */,
			);
			buildRules = (
			);
			dependencies = (
			);
			name = nookapi;
			productName = nookapi;
			productReference = 6C50E8E927D6437C00989B92 /* nookapi.app */;
			productType = "com.apple.product-type.application";
		};
/* End PBXNativeTarget section */

/* Begin PBXProject section */
		6C50E8E127D6437C00989B92 /* Project object */ = {
			isa = PBXProject;
			attributes = {
				BuildIndependentTargetsInParallel = 1;
				LastSwiftUpdateCheck = 1310;
				LastUpgradeCheck = 1310;
				TargetAttributes = {
					6C50E8E827D6437C00989B92 = {
						CreatedOnToolsVersion = 13.1;
					};
				};
			};
			buildConfigurationList = 6C50E8E427D6437C00989B92 /* Build configuration list for PBXProject "nookapi" */;
			compatibilityVersion = "Xcode 13.0";
			developmentRegion = en;
			hasScannedForEncodings = 0;
			knownRegions = (
				en,
				Base,
			);
			mainGroup = 6C50E8E027D6437C00989B92;
			productRefGroup = 6C50E8EA27D6437C00989B92 /* Products */;
			projectDirPath = "";
			projectRoot = "";
			targets = (
				6C50E8E827D6437C00989B92 /* nookapi */,
			);
		};
/* End PBXProject section */

/* Begin PBXResourcesBuildPhase section */
		6C50E8E727D6437C00989B92 /* Resources */ = {
			isa = PBXResourcesBuildPhase;
			buildActionMask = 2147483647;
			files = (
				6C50E8F427D6438100989B92 /* Preview Assets.xcassets in Resources */,
				6C50E8F127D6438100989B92 /* Assets.xcassets in Resources */,
				6C50E93E27DD951D00989B92 /* PhotosPosters.json in Resources */,
				6C50E94827DD980C00989B92 /* Art.json in Resources */,
				6C50E94427DD96F800989B92 /* FossilGroupsIndividualFossils.json in Resources */,
				6C50E93827DD92A700989B92 /* Clothes.json in Resources */,
				6C50E94E27DD99A300989B92 /* Bugs.json in Resources */,
				6C50E94C27DD996600989B92 /* SeaCreatures.json in Resources */,
				6C50E94A27DD987100989B92 /* Events.json in Resources */,
				6C50E94627DD97B500989B92 /* Tools.json in Resources */,
				6C50E94027DD957A00989B92 /* MiscItems.json in Resources */,
				6C50E95027DD9A1D00989B92 /* Fish.json in Resources */,
				6C50E93A27DD93D000989B92 /* Furniture.json in Resources */,
				6C50E93427DD6A6B00989B92 /* My Catalog.json in Resources */,
				6C50E94227DD95F200989B92 /* Recipes.json in Resources */,
				6C50E93C27DD94C100989B92 /* Interior.json in Resources */,
			);
			runOnlyForDeploymentPostprocessing = 0;
		};
/* End PBXResourcesBuildPhase section */

/* Begin PBXSourcesBuildPhase section */
		6C50E8E527D6437C00989B92 /* Sources */ = {
			isa = PBXSourcesBuildPhase;
			buildActionMask = 2147483647;
			files = (
				6C50E92B27DD257500989B92 /* ItemAvailabilityOpenInitializer.swift in Sources */,
				6C50E95327DD9F0300989B92 /* ClothesProviderFile.swift in Sources */,
				6C50E96E27DE55BC00989B92 /* InteriorCodable.swift in Sources */,
				6C50E91127D8EE7E00989B92 /* ItemBuyProtocol.swift in Sources */,
				6C50E92D27DD259F00989B92 /* ItemBuyOpenInitializer.swift in Sources */,
				6C50E90B27D8E4EB00989B92 /* ClothesProtocol.swift in Sources */,
				6C50E97827DE67C600989B92 /* PhotoPosterProtocol.swift in Sources */,
				6C50E90227D6495100989B92 /* NookAPIEnums.swift in Sources */,
				6C50E8FD27D6472E00989B92 /* ClothesProvider.swift in Sources */,
				6C50E95827DE473400989B92 /* FurnitureEnums.swift in Sources */,
				6C50E92327DD06F200989B92 /* ClothesListView.swift in Sources */,
				6C50E98227DE689D00989B92 /* PhotosPostersHTTPDataTask.swift in Sources */,
				6C50E95627DE448A00989B92 /* FurnitureProtocol.swift in Sources */,
				6C50E90D27D8E9DE00989B92 /* ItemAvailabilityProtocol.swift in Sources */,
				6C50E90927D7956800989B92 /* HTTPTasks.swift in Sources */,
				6C50E97A27DE67D700989B92 /* PhotoPosterProvider.swift in Sources */,
				6C50E98427DE6ECE00989B92 /* PhotoPosterEnums.swift in Sources */,
				6C50E90727D7941600989B92 /* NetworkExecutor.swift in Sources */,
				6C50E98027DE682B00989B92 /* PhotoPosterProviderFile.swift in Sources */,
				6C50E8EF27D6437C00989B92 /* ContentView.swift in Sources */,
				6C50E92F27DD289B00989B92 /* ItemVariationOpenInitializer.swift in Sources */,
				6C50E95E27DE47BB00989B92 /* FurnitureHTTPTask.swift in Sources */,
				6C50E91727DAB51900989B92 /* ItemAvailabilityCodable.swift in Sources */,
				6C50E91327D91F4000989B92 /* ItemVariationProtocol.swift in Sources */,
				6C50E96627DE542000989B92 /* InteriorProtocol.swift in Sources */,
				6C50E8ED27D6437C00989B92 /* nookapiApp.swift in Sources */,
				6C50E91D27DB88DD00989B92 /* ClothesHTTPTask.swift in Sources */,
				6C50E91B27DAB6A200989B92 /* ItemVariationCodable.swift in Sources */,
				6C50E96827DE547100989B92 /* InteriorProvider.swift in Sources */,
				6C50E97127DE571C00989B92 /* InteriorsHTTPDataTask.swift in Sources */,
				6C50E91F27DB8BF200989B92 /* NookAPIProtocols.swift in Sources */,
				6C50E96C27DE54AE00989B92 /* InteriorProviderFile.swift in Sources */,
				6C50E92727DD22D400989B92 /* ClothesProviderOpenInitializer.swift in Sources */,
				6C50E97C27DE67F200989B92 /* PhotoPosterCodable.swift in Sources */,
				6C50E8FF27D6473900989B92 /* ClothesEnums.swift in Sources */,
				6C50E90427D66EF900989B92 /* ClothesProviderNetworking.swift in Sources */,
				6C50E91927DAB58B00989B92 /* ItemBuyCodable.swift in Sources */,
				6C50E91527DAB4C500989B92 /* ClothesCodable.swift in Sources */,
				6C50E93127DD28E000989B92 /* ClothesOpenInitializer.swift in Sources */,
				6C50E95A27DE475600989B92 /* FurnitureProvider.swift in Sources */,
				6C50E93627DD6A7D00989B92 /* NintendoCatalogParser.swift in Sources */,
				6C50E96127DE481200989B92 /* FurnitureProviderFile.swift in Sources */,
				6C50E97327DE5BEA00989B92 /* InteriorEnums.swift in Sources */,
				6C50E96327DE484400989B92 /* FurnitureCodable.swift in Sources */,
			);
			runOnlyForDeploymentPostprocessing = 0;
		};
/* End PBXSourcesBuildPhase section */

/* Begin XCBuildConfiguration section */
		6C50E8F527D6438100989B92 /* Debug */ = {
			isa = XCBuildConfiguration;
			buildSettings = {
				ALWAYS_SEARCH_USER_PATHS = NO;
				CLANG_ANALYZER_NONNULL = YES;
				CLANG_ANALYZER_NUMBER_OBJECT_CONVERSION = YES_AGGRESSIVE;
				CLANG_CXX_LANGUAGE_STANDARD = "gnu++17";
				CLANG_CXX_LIBRARY = "libc++";
				CLANG_ENABLE_MODULES = YES;
				CLANG_ENABLE_OBJC_ARC = YES;
				CLANG_ENABLE_OBJC_WEAK = YES;
				CLANG_WARN_BLOCK_CAPTURE_AUTORELEASING = YES;
				CLANG_WARN_BOOL_CONVERSION = YES;
				CLANG_WARN_COMMA = YES;
				CLANG_WARN_CONSTANT_CONVERSION = YES;
				CLANG_WARN_DEPRECATED_OBJC_IMPLEMENTATIONS = YES;
				CLANG_WARN_DIRECT_OBJC_ISA_USAGE = YES_ERROR;
				CLANG_WARN_DOCUMENTATION_COMMENTS = YES;
				CLANG_WARN_EMPTY_BODY = YES;
				CLANG_WARN_ENUM_CONVERSION = YES;
				CLANG_WARN_INFINITE_RECURSION = YES;
				CLANG_WARN_INT_CONVERSION = YES;
				CLANG_WARN_NON_LITERAL_NULL_CONVERSION = YES;
				CLANG_WARN_OBJC_IMPLICIT_RETAIN_SELF = YES;
				CLANG_WARN_OBJC_LITERAL_CONVERSION = YES;
				CLANG_WARN_OBJC_ROOT_CLASS = YES_ERROR;
				CLANG_WARN_QUOTED_INCLUDE_IN_FRAMEWORK_HEADER = YES;
				CLANG_WARN_RANGE_LOOP_ANALYSIS = YES;
				CLANG_WARN_STRICT_PROTOTYPES = YES;
				CLANG_WARN_SUSPICIOUS_MOVE = YES;
				CLANG_WARN_UNGUARDED_AVAILABILITY = YES_AGGRESSIVE;
				CLANG_WARN_UNREACHABLE_CODE = YES;
				CLANG_WARN__DUPLICATE_METHOD_MATCH = YES;
				COPY_PHASE_STRIP = NO;
				DEBUG_INFORMATION_FORMAT = dwarf;
				ENABLE_STRICT_OBJC_MSGSEND = YES;
				ENABLE_TESTABILITY = YES;
				GCC_C_LANGUAGE_STANDARD = gnu11;
				GCC_DYNAMIC_NO_PIC = NO;
				GCC_NO_COMMON_BLOCKS = YES;
				GCC_OPTIMIZATION_LEVEL = 0;
				GCC_PREPROCESSOR_DEFINITIONS = (
					"DEBUG=1",
					"$(inherited)",
				);
				GCC_WARN_64_TO_32_BIT_CONVERSION = YES;
				GCC_WARN_ABOUT_RETURN_TYPE = YES_ERROR;
				GCC_WARN_UNDECLARED_SELECTOR = YES;
				GCC_WARN_UNINITIALIZED_AUTOS = YES_AGGRESSIVE;
				GCC_WARN_UNUSED_FUNCTION = YES;
				GCC_WARN_UNUSED_VARIABLE = YES;
				IPHONEOS_DEPLOYMENT_TARGET = 15.0;
				MTL_ENABLE_DEBUG_INFO = INCLUDE_SOURCE;
				MTL_FAST_MATH = YES;
				ONLY_ACTIVE_ARCH = YES;
				SDKROOT = iphoneos;
				SWIFT_ACTIVE_COMPILATION_CONDITIONS = DEBUG;
				SWIFT_OPTIMIZATION_LEVEL = "-Onone";
			};
			name = Debug;
		};
		6C50E8F627D6438100989B92 /* Release */ = {
			isa = XCBuildConfiguration;
			buildSettings = {
				ALWAYS_SEARCH_USER_PATHS = NO;
				CLANG_ANALYZER_NONNULL = YES;
				CLANG_ANALYZER_NUMBER_OBJECT_CONVERSION = YES_AGGRESSIVE;
				CLANG_CXX_LANGUAGE_STANDARD = "gnu++17";
				CLANG_CXX_LIBRARY = "libc++";
				CLANG_ENABLE_MODULES = YES;
				CLANG_ENABLE_OBJC_ARC = YES;
				CLANG_ENABLE_OBJC_WEAK = YES;
				CLANG_WARN_BLOCK_CAPTURE_AUTORELEASING = YES;
				CLANG_WARN_BOOL_CONVERSION = YES;
				CLANG_WARN_COMMA = YES;
				CLANG_WARN_CONSTANT_CONVERSION = YES;
				CLANG_WARN_DEPRECATED_OBJC_IMPLEMENTATIONS = YES;
				CLANG_WARN_DIRECT_OBJC_ISA_USAGE = YES_ERROR;
				CLANG_WARN_DOCUMENTATION_COMMENTS = YES;
				CLANG_WARN_EMPTY_BODY = YES;
				CLANG_WARN_ENUM_CONVERSION = YES;
				CLANG_WARN_INFINITE_RECURSION = YES;
				CLANG_WARN_INT_CONVERSION = YES;
				CLANG_WARN_NON_LITERAL_NULL_CONVERSION = YES;
				CLANG_WARN_OBJC_IMPLICIT_RETAIN_SELF = YES;
				CLANG_WARN_OBJC_LITERAL_CONVERSION = YES;
				CLANG_WARN_OBJC_ROOT_CLASS = YES_ERROR;
				CLANG_WARN_QUOTED_INCLUDE_IN_FRAMEWORK_HEADER = YES;
				CLANG_WARN_RANGE_LOOP_ANALYSIS = YES;
				CLANG_WARN_STRICT_PROTOTYPES = YES;
				CLANG_WARN_SUSPICIOUS_MOVE = YES;
				CLANG_WARN_UNGUARDED_AVAILABILITY = YES_AGGRESSIVE;
				CLANG_WARN_UNREACHABLE_CODE = YES;
				CLANG_WARN__DUPLICATE_METHOD_MATCH = YES;
				COPY_PHASE_STRIP = NO;
				DEBUG_INFORMATION_FORMAT = "dwarf-with-dsym";
				ENABLE_NS_ASSERTIONS = NO;
				ENABLE_STRICT_OBJC_MSGSEND = YES;
				GCC_C_LANGUAGE_STANDARD = gnu11;
				GCC_NO_COMMON_BLOCKS = YES;
				GCC_WARN_64_TO_32_BIT_CONVERSION = YES;
				GCC_WARN_ABOUT_RETURN_TYPE = YES_ERROR;
				GCC_WARN_UNDECLARED_SELECTOR = YES;
				GCC_WARN_UNINITIALIZED_AUTOS = YES_AGGRESSIVE;
				GCC_WARN_UNUSED_FUNCTION = YES;
				GCC_WARN_UNUSED_VARIABLE = YES;
				IPHONEOS_DEPLOYMENT_TARGET = 15.0;
				MTL_ENABLE_DEBUG_INFO = NO;
				MTL_FAST_MATH = YES;
				SDKROOT = iphoneos;
				SWIFT_COMPILATION_MODE = wholemodule;
				SWIFT_OPTIMIZATION_LEVEL = "-O";
				VALIDATE_PRODUCT = YES;
			};
			name = Release;
		};
		6C50E8F827D6438100989B92 /* Debug */ = {
			isa = XCBuildConfiguration;
			buildSettings = {
				ASSETCATALOG_COMPILER_APPICON_NAME = AppIcon;
				ASSETCATALOG_COMPILER_GLOBAL_ACCENT_COLOR_NAME = AccentColor;
				CODE_SIGN_STYLE = Automatic;
				CURRENT_PROJECT_VERSION = 1;
				DEVELOPMENT_ASSET_PATHS = "\"nookapi/Preview Content\"";
				DEVELOPMENT_TEAM = 7X7FABXK4C;
				ENABLE_PREVIEWS = YES;
				GENERATE_INFOPLIST_FILE = YES;
				INFOPLIST_KEY_UIApplicationSceneManifest_Generation = YES;
				INFOPLIST_KEY_UIApplicationSupportsIndirectInputEvents = YES;
				INFOPLIST_KEY_UILaunchScreen_Generation = YES;
				INFOPLIST_KEY_UISupportedInterfaceOrientations_iPad = "UIInterfaceOrientationPortrait UIInterfaceOrientationPortraitUpsideDown UIInterfaceOrientationLandscapeLeft UIInterfaceOrientationLandscapeRight";
				INFOPLIST_KEY_UISupportedInterfaceOrientations_iPhone = "UIInterfaceOrientationPortrait UIInterfaceOrientationLandscapeLeft UIInterfaceOrientationLandscapeRight";
				LD_RUNPATH_SEARCH_PATHS = (
					"$(inherited)",
					"@executable_path/Frameworks",
				);
				MARKETING_VERSION = 1.0;
				PRODUCT_BUNDLE_IDENTIFIER = com.andyibanez.nookapi;
				PRODUCT_NAME = "$(TARGET_NAME)";
				SWIFT_EMIT_LOC_STRINGS = YES;
				SWIFT_VERSION = 5.0;
				TARGETED_DEVICE_FAMILY = "1,2";
			};
			name = Debug;
		};
		6C50E8F927D6438100989B92 /* Release */ = {
			isa = XCBuildConfiguration;
			buildSettings = {
				ASSETCATALOG_COMPILER_APPICON_NAME = AppIcon;
				ASSETCATALOG_COMPILER_GLOBAL_ACCENT_COLOR_NAME = AccentColor;
				CODE_SIGN_STYLE = Automatic;
				CURRENT_PROJECT_VERSION = 1;
				DEVELOPMENT_ASSET_PATHS = "\"nookapi/Preview Content\"";
				DEVELOPMENT_TEAM = 7X7FABXK4C;
				ENABLE_PREVIEWS = YES;
				GENERATE_INFOPLIST_FILE = YES;
				INFOPLIST_KEY_UIApplicationSceneManifest_Generation = YES;
				INFOPLIST_KEY_UIApplicationSupportsIndirectInputEvents = YES;
				INFOPLIST_KEY_UILaunchScreen_Generation = YES;
				INFOPLIST_KEY_UISupportedInterfaceOrientations_iPad = "UIInterfaceOrientationPortrait UIInterfaceOrientationPortraitUpsideDown UIInterfaceOrientationLandscapeLeft UIInterfaceOrientationLandscapeRight";
				INFOPLIST_KEY_UISupportedInterfaceOrientations_iPhone = "UIInterfaceOrientationPortrait UIInterfaceOrientationLandscapeLeft UIInterfaceOrientationLandscapeRight";
				LD_RUNPATH_SEARCH_PATHS = (
					"$(inherited)",
					"@executable_path/Frameworks",
				);
				MARKETING_VERSION = 1.0;
				PRODUCT_BUNDLE_IDENTIFIER = com.andyibanez.nookapi;
				PRODUCT_NAME = "$(TARGET_NAME)";
				SWIFT_EMIT_LOC_STRINGS = YES;
				SWIFT_VERSION = 5.0;
				TARGETED_DEVICE_FAMILY = "1,2";
			};
			name = Release;
		};
/* End XCBuildConfiguration section */

/* Begin XCConfigurationList section */
		6C50E8E427D6437C00989B92 /* Build configuration list for PBXProject "nookapi" */ = {
			isa = XCConfigurationList;
			buildConfigurations = (
				6C50E8F527D6438100989B92 /* Debug */,
				6C50E8F627D6438100989B92 /* Release */,
			);
			defaultConfigurationIsVisible = 0;
			defaultConfigurationName = Release;
		};
		6C50E8F727D6438100989B92 /* Build configuration list for PBXNativeTarget "nookapi" */ = {
			isa = XCConfigurationList;
			buildConfigurations = (
				6C50E8F827D6438100989B92 /* Debug */,
				6C50E8F927D6438100989B92 /* Release */,
			);
			defaultConfigurationIsVisible = 0;
			defaultConfigurationName = Release;
		};
/* End XCConfigurationList section */
	};
	rootObject = 6C50E8E127D6437C00989B92 /* Project object */;
}
